// !$*UTF8*$!
{
	archiveVersion = 1;
	classes = {
	};
	objectVersion = 46;
	objects = {

/* Begin PBXBuildFile section */
		045D97841A0F02BE0007689A /* main.m in Sources */ = {isa = PBXBuildFile; fileRef = 045D97831A0F02BE0007689A /* main.m */; };
		045D97871A0F02BE0007689A /* AppDelegate.m in Sources */ = {isa = PBXBuildFile; fileRef = 045D97861A0F02BE0007689A /* AppDelegate.m */; };
		045D978A1A0F02BE0007689A /* ViewController.m in Sources */ = {isa = PBXBuildFile; fileRef = 045D97891A0F02BE0007689A /* ViewController.m */; };
		045D978D1A0F02BE0007689A /* Main.storyboard in Resources */ = {isa = PBXBuildFile; fileRef = 045D978B1A0F02BE0007689A /* Main.storyboard */; };
		045D978F1A0F02BE0007689A /* Images.xcassets in Resources */ = {isa = PBXBuildFile; fileRef = 045D978E1A0F02BE0007689A /* Images.xcassets */; };
		045D97921A0F02BE0007689A /* LaunchScreen.xib in Resources */ = {isa = PBXBuildFile; fileRef = 045D97901A0F02BE0007689A /* LaunchScreen.xib */; };
		045D979E1A0F02BE0007689A /* _0141109_01TFModalViewController__Tests.m in Sources */ = {isa = PBXBuildFile; fileRef = 045D979D1A0F02BE0007689A /* _0141109_01TFModalViewController__Tests.m */; };
		045D97B11A0F06720007689A /* BTTestAController.m in Sources */ = {isa = PBXBuildFile; fileRef = 045D97B01A0F06720007689A /* BTTestAController.m */; };
		045D97B51A0F06A40007689A /* UIColor+BTTools.m in Sources */ = {isa = PBXBuildFile; fileRef = 045D97B41A0F06A40007689A /* UIColor+BTTools.m */; };
		048EC2861A111F1500EA64FF /* TFModalContentView.m in Sources */ = {isa = PBXBuildFile; fileRef = 048EC2801A111F1500EA64FF /* TFModalContentView.m */; };
		048EC2871A111F1500EA64FF /* TFModalViewController.m in Sources */ = {isa = PBXBuildFile; fileRef = 048EC2821A111F1500EA64FF /* TFModalViewController.m */; };
		048EC2881A111F1500EA64FF /* UIViewController+TFModalView.m in Sources */ = {isa = PBXBuildFile; fileRef = 048EC2831A111F1500EA64FF /* UIViewController+TFModalView.m */; };
/* End PBXBuildFile section */

/* Begin PBXContainerItemProxy section */
		045D97981A0F02BE0007689A /* PBXContainerItemProxy */ = {
			isa = PBXContainerItemProxy;
			containerPortal = 045D97761A0F02BE0007689A /* Project object */;
			proxyType = 1;
			remoteGlobalIDString = 045D977D1A0F02BE0007689A;
			remoteInfo = "20141109-01TFModalViewController框架";
		};
/* End PBXContainerItemProxy section */

/* Begin PBXFileReference section */
		045D977E1A0F02BE0007689A /* 20141109-01TFModalViewController框架.app */ = {isa = PBXFileReference; explicitFileType = wrapper.application; includeInIndex = 0; path = "20141109-01TFModalViewController框架.app"; sourceTree = BUILT_PRODUCTS_DIR; };
		045D97821A0F02BE0007689A /* Info.plist */ = {isa = PBXFileReference; lastKnownFileType = text.plist.xml; path = Info.plist; sourceTree = "<group>"; };
		045D97831A0F02BE0007689A /* main.m */ = {isa = PBXFileReference; lastKnownFileType = sourcecode.c.objc; path = main.m; sourceTree = "<group>"; };
		045D97851A0F02BE0007689A /* AppDelegate.h */ = {isa = PBXFileReference; lastKnownFileType = sourcecode.c.h; path = AppDelegate.h; sourceTree = "<group>"; };
		045D97861A0F02BE0007689A /* AppDelegate.m */ = {isa = PBXFileReference; lastKnownFileType = sourcecode.c.objc; path = AppDelegate.m; sourceTree = "<group>"; };
		045D97881A0F02BE0007689A /* ViewController.h */ = {isa = PBXFileReference; lastKnownFileType = sourcecode.c.h; path = ViewController.h; sourceTree = "<group>"; };
		045D97891A0F02BE0007689A /* ViewController.m */ = {isa = PBXFileReference; lastKnownFileType = sourcecode.c.objc; path = ViewController.m; sourceTree = "<group>"; };
		045D978C1A0F02BE0007689A /* Base */ = {isa = PBXFileReference; lastKnownFileType = file.storyboard; name = Base; path = Base.lproj/Main.storyboard; sourceTree = "<group>"; };
		045D978E1A0F02BE0007689A /* Images.xcassets */ = {isa = PBXFileReference; lastKnownFileType = folder.assetcatalog; path = Images.xcassets; sourceTree = "<group>"; };
		045D97911A0F02BE0007689A /* Base */ = {isa = PBXFileReference; lastKnownFileType = file.xib; name = Base; path = Base.lproj/LaunchScreen.xib; sourceTree = "<group>"; };
		045D97971A0F02BE0007689A /* 20141109-01TFModalViewController框架Tests.xctest */ = {isa = PBXFileReference; explicitFileType = wrapper.cfbundle; includeInIndex = 0; path = "20141109-01TFModalViewController框架Tests.xctest"; sourceTree = BUILT_PRODUCTS_DIR; };
		045D979C1A0F02BE0007689A /* Info.plist */ = {isa = PBXFileReference; lastKnownFileType = text.plist.xml; path = Info.plist; sourceTree = "<group>"; };
		045D979D1A0F02BE0007689A /* _0141109_01TFModalViewController__Tests.m */ = {isa = PBXFileReference; lastKnownFileType = sourcecode.c.objc; path = _0141109_01TFModalViewController__Tests.m; sourceTree = "<group>"; };
		045D97AF1A0F06720007689A /* BTTestAController.h */ = {isa = PBXFileReference; fileEncoding = 4; lastKnownFileType = sourcecode.c.h; path = BTTestAController.h; sourceTree = "<group>"; };
		045D97B01A0F06720007689A /* BTTestAController.m */ = {isa = PBXFileReference; fileEncoding = 4; lastKnownFileType = sourcecode.c.objc; path = BTTestAController.m; sourceTree = "<group>"; };
		045D97B31A0F06A40007689A /* UIColor+BTTools.h */ = {isa = PBXFileReference; fileEncoding = 4; lastKnownFileType = sourcecode.c.h; path = "UIColor+BTTools.h"; sourceTree = "<group>"; };
		045D97B41A0F06A40007689A /* UIColor+BTTools.m */ = {isa = PBXFileReference; fileEncoding = 4; lastKnownFileType = sourcecode.c.objc; path = "UIColor+BTTools.m"; sourceTree = "<group>"; };
		045D97B91A0F469E0007689A /* PrefixHeader.pch */ = {isa = PBXFileReference; fileEncoding = 4; lastKnownFileType = sourcecode.c.h; path = PrefixHeader.pch; sourceTree = "<group>"; };
		048EC27F1A111F1500EA64FF /* TFModalContentView.h */ = {isa = PBXFileReference; fileEncoding = 4; lastKnownFileType = sourcecode.c.h; path = TFModalContentView.h; sourceTree = "<group>"; };
		048EC2801A111F1500EA64FF /* TFModalContentView.m */ = {isa = PBXFileReference; fileEncoding = 4; lastKnownFileType = sourcecode.c.objc; path = TFModalContentView.m; sourceTree = "<group>"; };
		048EC2811A111F1500EA64FF /* TFModalViewController.h */ = {isa = PBXFileReference; fileEncoding = 4; lastKnownFileType = sourcecode.c.h; path = TFModalViewController.h; sourceTree = "<group>"; };
		048EC2821A111F1500EA64FF /* TFModalViewController.m */ = {isa = PBXFileReference; fileEncoding = 4; lastKnownFileType = sourcecode.c.objc; path = TFModalViewController.m; sourceTree = "<group>"; };
		048EC2831A111F1500EA64FF /* UIViewController+TFModalView.m */ = {isa = PBXFileReference; fileEncoding = 4; lastKnownFileType = sourcecode.c.objc; path = "UIViewController+TFModalView.m"; sourceTree = "<group>"; };
		048EC2841A111F1500EA64FF /* TFModalViewControllerPublic.h */ = {isa = PBXFileReference; fileEncoding = 4; lastKnownFileType = sourcecode.c.h; path = TFModalViewControllerPublic.h; sourceTree = "<group>"; };
		048EC2851A111F1500EA64FF /* UIViewController+TFModalView.h */ = {isa = PBXFileReference; fileEncoding = 4; lastKnownFileType = sourcecode.c.h; path = "UIViewController+TFModalView.h"; sourceTree = "<group>"; };
/* End PBXFileReference section */

/* Begin PBXFrameworksBuildPhase section */
		045D977B1A0F02BE0007689A /* Frameworks */ = {
			isa = PBXFrameworksBuildPhase;
			buildActionMask = 2147483647;
			files = (
			);
			runOnlyForDeploymentPostprocessing = 0;
		};
		045D97941A0F02BE0007689A /* Frameworks */ = {
			isa = PBXFrameworksBuildPhase;
			buildActionMask = 2147483647;
			files = (
			);
			runOnlyForDeploymentPostprocessing = 0;
		};
/* End PBXFrameworksBuildPhase section */

/* Begin PBXGroup section */
		045D97751A0F02BE0007689A = {
			isa = PBXGroup;
			children = (
				045D97801A0F02BE0007689A /* 20141109-01TFModalViewController框架 */,
				045D979A1A0F02BE0007689A /* 20141109-01TFModalViewController框架Tests */,
				045D977F1A0F02BE0007689A /* Products */,
			);
			sourceTree = "<group>";
		};
		045D977F1A0F02BE0007689A /* Products */ = {
			isa = PBXGroup;
			children = (
				045D977E1A0F02BE0007689A /* 20141109-01TFModalViewController框架.app */,
				045D97971A0F02BE0007689A /* 20141109-01TFModalViewController框架Tests.xctest */,
			);
			name = Products;
			sourceTree = "<group>";
		};
		045D97801A0F02BE0007689A /* 20141109-01TFModalViewController框架 */ = {
			isa = PBXGroup;
			children = (
				048EC27D1A111F1500EA64FF /* TFModalViewController */,
				045D97AE1A0F06510007689A /* testView */,
				045D97811A0F02BE0007689A /* Supporting Files */,
			);
			path = "20141109-01TFModalViewController框架";
			sourceTree = "<group>";
		};
		045D97811A0F02BE0007689A /* Supporting Files */ = {
			isa = PBXGroup;
			children = (
				0495CFDA1A17B1ED0005825F /* other */,
				045D97821A0F02BE0007689A /* Info.plist */,
				045D97831A0F02BE0007689A /* main.m */,
			);
			name = "Supporting Files";
			sourceTree = "<group>";
		};
		045D979A1A0F02BE0007689A /* 20141109-01TFModalViewController框架Tests */ = {
			isa = PBXGroup;
			children = (
				045D979D1A0F02BE0007689A /* _0141109_01TFModalViewController__Tests.m */,
				045D979B1A0F02BE0007689A /* Supporting Files */,
			);
			path = "20141109-01TFModalViewController框架Tests";
			sourceTree = "<group>";
		};
		045D979B1A0F02BE0007689A /* Supporting Files */ = {
			isa = PBXGroup;
			children = (
				045D979C1A0F02BE0007689A /* Info.plist */,
			);
			name = "Supporting Files";
			sourceTree = "<group>";
		};
		045D97AE1A0F06510007689A /* testView */ = {
			isa = PBXGroup;
			children = (
				045D97AF1A0F06720007689A /* BTTestAController.h */,
				045D97B01A0F06720007689A /* BTTestAController.m */,
			);
			path = testView;
			sourceTree = "<group>";
		};
		045D97B21A0F06A40007689A /* UIColor */ = {
			isa = PBXGroup;
			children = (
				045D97B31A0F06A40007689A /* UIColor+BTTools.h */,
				045D97B41A0F06A40007689A /* UIColor+BTTools.m */,
			);
			path = UIColor;
			sourceTree = "<group>";
		};
		048EC27D1A111F1500EA64FF /* TFModalViewController */ = {
			isa = PBXGroup;
			children = (
				048EC27E1A111F1500EA64FF /* SubViews */,
				048EC2841A111F1500EA64FF /* TFModalViewControllerPublic.h */,
				048EC2851A111F1500EA64FF /* UIViewController+TFModalView.h */,
			);
			path = TFModalViewController;
			sourceTree = "<group>";
		};
		048EC27E1A111F1500EA64FF /* SubViews */ = {
			isa = PBXGroup;
			children = (
				048EC27F1A111F1500EA64FF /* TFModalContentView.h */,
				048EC2801A111F1500EA64FF /* TFModalContentView.m */,
				048EC2811A111F1500EA64FF /* TFModalViewController.h */,
				048EC2821A111F1500EA64FF /* TFModalViewController.m */,
				048EC2831A111F1500EA64FF /* UIViewController+TFModalView.m */,
			);
			path = SubViews;
			sourceTree = "<group>";
		};
		0495CFDA1A17B1ED0005825F /* other */ = {
			isa = PBXGroup;
			children = (
				045D97B21A0F06A40007689A /* UIColor */,
				045D97851A0F02BE0007689A /* AppDelegate.h */,
				045D97861A0F02BE0007689A /* AppDelegate.m */,
				045D97881A0F02BE0007689A /* ViewController.h */,
				045D97891A0F02BE0007689A /* ViewController.m */,
				045D97B91A0F469E0007689A /* PrefixHeader.pch */,
				045D978B1A0F02BE0007689A /* Main.storyboard */,
				045D978E1A0F02BE0007689A /* Images.xcassets */,
				045D97901A0F02BE0007689A /* LaunchScreen.xib */,
			);
			name = other;
			sourceTree = "<group>";
		};
/* End PBXGroup section */

/* Begin PBXNativeTarget section */
		045D977D1A0F02BE0007689A /* 20141109-01TFModalViewController框架 */ = {
			isa = PBXNativeTarget;
			buildConfigurationList = 045D97A11A0F02BE0007689A /* Build configuration list for PBXNativeTarget "20141109-01TFModalViewController框架" */;
			buildPhases = (
				045D977A1A0F02BE0007689A /* Sources */,
				045D977B1A0F02BE0007689A /* Frameworks */,
				045D977C1A0F02BE0007689A /* Resources */,
			);
			buildRules = (
			);
			dependencies = (
			);
			name = "20141109-01TFModalViewController框架";
			productName = "20141109-01TFModalViewController框架";
			productReference = 045D977E1A0F02BE0007689A /* 20141109-01TFModalViewController框架.app */;
			productType = "com.apple.product-type.application";
		};
		045D97961A0F02BE0007689A /* 20141109-01TFModalViewController框架Tests */ = {
			isa = PBXNativeTarget;
			buildConfigurationList = 045D97A41A0F02BE0007689A /* Build configuration list for PBXNativeTarget "20141109-01TFModalViewController框架Tests" */;
			buildPhases = (
				045D97931A0F02BE0007689A /* Sources */,
				045D97941A0F02BE0007689A /* Frameworks */,
				045D97951A0F02BE0007689A /* Resources */,
			);
			buildRules = (
			);
			dependencies = (
				045D97991A0F02BE0007689A /* PBXTargetDependency */,
			);
			name = "20141109-01TFModalViewController框架Tests";
			productName = "20141109-01TFModalViewController框架Tests";
			productReference = 045D97971A0F02BE0007689A /* 20141109-01TFModalViewController框架Tests.xctest */;
			productType = "com.apple.product-type.bundle.unit-test";
		};
/* End PBXNativeTarget section */

/* Begin PBXProject section */
		045D97761A0F02BE0007689A /* Project object */ = {
			isa = PBXProject;
			attributes = {
				LastUpgradeCheck = 0610;
				ORGANIZATIONNAME = "朱佰通";
				TargetAttributes = {
					045D977D1A0F02BE0007689A = {
						CreatedOnToolsVersion = 6.1;
					};
					045D97961A0F02BE0007689A = {
						CreatedOnToolsVersion = 6.1;
						TestTargetID = 045D977D1A0F02BE0007689A;
					};
				};
			};
			buildConfigurationList = 045D97791A0F02BE0007689A /* Build configuration list for PBXProject "20141109-01TFModalViewController框架" */;
			compatibilityVersion = "Xcode 3.2";
			developmentRegion = English;
			hasScannedForEncodings = 0;
			knownRegions = (
				en,
				Base,
			);
			mainGroup = 045D97751A0F02BE0007689A;
			productRefGroup = 045D977F1A0F02BE0007689A /* Products */;
			projectDirPath = "";
			projectRoot = "";
			targets = (
				045D977D1A0F02BE0007689A /* 20141109-01TFModalViewController框架 */,
				045D97961A0F02BE0007689A /* 20141109-01TFModalViewController框架Tests */,
			);
		};
/* End PBXProject section */

/* Begin PBXResourcesBuildPhase section */
		045D977C1A0F02BE0007689A /* Resources */ = {
			isa = PBXResourcesBuildPhase;
			buildActionMask = 2147483647;
			files = (
				045D978D1A0F02BE0007689A /* Main.storyboard in Resources */,
				045D97921A0F02BE0007689A /* LaunchScreen.xib in Resources */,
				045D978F1A0F02BE0007689A /* Images.xcassets in Resources */,
			);
			runOnlyForDeploymentPostprocessing = 0;
		};
		045D97951A0F02BE0007689A /* Resources */ = {
			isa = PBXResourcesBuildPhase;
			buildActionMask = 2147483647;
			files = (
			);
			runOnlyForDeploymentPostprocessing = 0;
		};
/* End PBXResourcesBuildPhase section */

/* Begin PBXSourcesBuildPhase section */
		045D977A1A0F02BE0007689A /* Sources */ = {
			isa = PBXSourcesBuildPhase;
			buildActionMask = 2147483647;
			files = (
				048EC2861A111F1500EA64FF /* TFModalContentView.m in Sources */,
				048EC2871A111F1500EA64FF /* TFModalViewController.m in Sources */,
				045D978A1A0F02BE0007689A /* ViewController.m in Sources */,
				048EC2881A111F1500EA64FF /* UIViewController+TFModalView.m in Sources */,
				045D97871A0F02BE0007689A /* AppDelegate.m in Sources */,
				045D97841A0F02BE0007689A /* main.m in Sources */,
				045D97B11A0F06720007689A /* BTTestAController.m in Sources */,
				045D97B51A0F06A40007689A /* UIColor+BTTools.m in Sources */,
			);
			runOnlyForDeploymentPostprocessing = 0;
		};
		045D97931A0F02BE0007689A /* Sources */ = {
			isa = PBXSourcesBuildPhase;
			buildActionMask = 2147483647;
			files = (
				045D979E1A0F02BE0007689A /* _0141109_01TFModalViewController__Tests.m in Sources */,
			);
			runOnlyForDeploymentPostprocessing = 0;
		};
/* End PBXSourcesBuildPhase section */

/* Begin PBXTargetDependency section */
		045D97991A0F02BE0007689A /* PBXTargetDependency */ = {
			isa = PBXTargetDependency;
			target = 045D977D1A0F02BE0007689A /* 20141109-01TFModalViewController框架 */;
			targetProxy = 045D97981A0F02BE0007689A /* PBXContainerItemProxy */;
		};
/* End PBXTargetDependency section */

/* Begin PBXVariantGroup section */
		045D978B1A0F02BE0007689A /* Main.storyboard */ = {
			isa = PBXVariantGroup;
			children = (
				045D978C1A0F02BE0007689A /* Base */,
			);
			name = Main.storyboard;
			sourceTree = "<group>";
		};
		045D97901A0F02BE0007689A /* LaunchScreen.xib */ = {
			isa = PBXVariantGroup;
			children = (
				045D97911A0F02BE0007689A /* Base */,
			);
			name = LaunchScreen.xib;
			sourceTree = "<group>";
		};
/* End PBXVariantGroup section */

/* Begin XCBuildConfiguration section */
		045D979F1A0F02BE0007689A /* Debug */ = {
			isa = XCBuildConfiguration;
			buildSettings = {
				ALWAYS_SEARCH_USER_PATHS = NO;
				CLANG_CXX_LANGUAGE_STANDARD = "gnu++0x";
				CLANG_CXX_LIBRARY = "libc++";
				CLANG_ENABLE_MODULES = YES;
				CLANG_ENABLE_OBJC_ARC = YES;
				CLANG_WARN_BOOL_CONVERSION = YES;
				CLANG_WARN_CONSTANT_CONVERSION = YES;
				CLANG_WARN_DIRECT_OBJC_ISA_USAGE = YES_ERROR;
				CLANG_WARN_EMPTY_BODY = YES;
				CLANG_WARN_ENUM_CONVERSION = YES;
				CLANG_WARN_INT_CONVERSION = YES;
				CLANG_WARN_OBJC_ROOT_CLASS = YES_ERROR;
				CLANG_WARN_UNREACHABLE_CODE = YES;
				CLANG_WARN__DUPLICATE_METHOD_MATCH = YES;
				"CODE_SIGN_IDENTITY[sdk=iphoneos*]" = "iPhone Developer";
				COPY_PHASE_STRIP = NO;
				ENABLE_STRICT_OBJC_MSGSEND = YES;
				GCC_C_LANGUAGE_STANDARD = gnu99;
				GCC_DYNAMIC_NO_PIC = NO;
				GCC_OPTIMIZATION_LEVEL = 0;
				GCC_PREPROCESSOR_DEFINITIONS = (
					"DEBUG=1",
					"$(inherited)",
				);
				GCC_SYMBOLS_PRIVATE_EXTERN = NO;
				GCC_WARN_64_TO_32_BIT_CONVERSION = YES;
				GCC_WARN_ABOUT_RETURN_TYPE = YES_ERROR;
				GCC_WARN_UNDECLARED_SELECTOR = YES;
				GCC_WARN_UNINITIALIZED_AUTOS = YES_AGGRESSIVE;
				GCC_WARN_UNUSED_FUNCTION = YES;
				GCC_WARN_UNUSED_VARIABLE = YES;
				IPHONEOS_DEPLOYMENT_TARGET = 8.1;
				MTL_ENABLE_DEBUG_INFO = YES;
				ONLY_ACTIVE_ARCH = YES;
				SDKROOT = iphoneos;
				TARGETED_DEVICE_FAMILY = "1,2";
			};
			name = Debug;
		};
		045D97A01A0F02BE0007689A /* Release */ = {
			isa = XCBuildConfiguration;
			buildSettings = {
				ALWAYS_SEARCH_USER_PATHS = NO;
				CLANG_CXX_LANGUAGE_STANDARD = "gnu++0x";
				CLANG_CXX_LIBRARY = "libc++";
				CLANG_ENABLE_MODULES = YES;
				CLANG_ENABLE_OBJC_ARC = YES;
				CLANG_WARN_BOOL_CONVERSION = YES;
				CLANG_WARN_CONSTANT_CONVERSION = YES;
				CLANG_WARN_DIRECT_OBJC_ISA_USAGE = YES_ERROR;
				CLANG_WARN_EMPTY_BODY = YES;
				CLANG_WARN_ENUM_CONVERSION = YES;
				CLANG_WARN_INT_CONVERSION = YES;
				CLANG_WARN_OBJC_ROOT_CLASS = YES_ERROR;
				CLANG_WARN_UNREACHABLE_CODE = YES;
				CLANG_WARN__DUPLICATE_METHOD_MATCH = YES;
				"CODE_SIGN_IDENTITY[sdk=iphoneos*]" = "iPhone Developer";
				COPY_PHASE_STRIP = YES;
				ENABLE_NS_ASSERTIONS = NO;
				ENABLE_STRICT_OBJC_MSGSEND = YES;
				GCC_C_LANGUAGE_STANDARD = gnu99;
				GCC_WARN_64_TO_32_BIT_CONVERSION = YES;
				GCC_WARN_ABOUT_RETURN_TYPE = YES_ERROR;
				GCC_WARN_UNDECLARED_SELECTOR = YES;
				GCC_WARN_UNINITIALIZED_AUTOS = YES_AGGRESSIVE;
				GCC_WARN_UNUSED_FUNCTION = YES;
				GCC_WARN_UNUSED_VARIABLE = YES;
				IPHONEOS_DEPLOYMENT_TARGET = 8.1;
				MTL_ENABLE_DEBUG_INFO = NO;
				SDKROOT = iphoneos;
				TARGETED_DEVICE_FAMILY = "1,2";
				VALIDATE_PRODUCT = YES;
			};
			name = Release;
		};
		045D97A21A0F02BE0007689A /* Debug */ = {
			isa = XCBuildConfiguration;
			buildSettings = {
				ASSETCATALOG_COMPILER_APPICON_NAME = AppIcon;
				GCC_PRECOMPILE_PREFIX_HEADER = NO;
				GCC_PREFIX_HEADER = "20141109-01TFModalViewController框架/PrefixHeader.pch";
				INFOPLIST_FILE = "20141109-01TFModalViewController框架/Info.plist";
				IPHONEOS_DEPLOYMENT_TARGET = 7.0;
				LD_RUNPATH_SEARCH_PATHS = "$(inherited) @executable_path/Frameworks";
				PRODUCT_NAME = "$(TARGET_NAME)";
			};
			name = Debug;
		};
		045D97A31A0F02BE0007689A /* Release */ = {
			isa = XCBuildConfiguration;
			buildSettings = {
				ASSETCATALOG_COMPILER_APPICON_NAME = AppIcon;
				GCC_PRECOMPILE_PREFIX_HEADER = NO;
				GCC_PREFIX_HEADER = "20141109-01TFModalViewController框架/PrefixHeader.pch";
				INFOPLIST_FILE = "20141109-01TFModalViewController框架/Info.plist";
				IPHONEOS_DEPLOYMENT_TARGET = 7.0;
				LD_RUNPATH_SEARCH_PATHS = "$(inherited) @executable_path/Frameworks";
				PRODUCT_NAME = "$(TARGET_NAME)";
			};
			name = Release;
		};
		045D97A51A0F02BE0007689A /* Debug */ = {
			isa = XCBuildConfiguration;
			buildSettings = {
				BUNDLE_LOADER = "$(TEST_HOST)";
				FRAMEWORK_SEARCH_PATHS = (
					"$(SDKROOT)/Developer/Library/Frameworks",
					"$(inherited)",
				);
				GCC_PREPROCESSOR_DEFINITIONS = (
					"DEBUG=1",
					"$(inherited)",
				);
				INFOPLIST_FILE = "20141109-01TFModalViewController框架Tests/Info.plist";
				LD_RUNPATH_SEARCH_PATHS = "$(inherited) @executable_path/Frameworks @loader_path/Frameworks";
				PRODUCT_NAME = "$(TARGET_NAME)";
				TEST_HOST = "$(BUILT_PRODUCTS_DIR)/20141109-01TFModalViewController框架.app/20141109-01TFModalViewController框架";
			};
			name = Debug;
		};
		045D97A61A0F02BE0007689A /* Release */ = {
			isa = XCBuildConfiguration;
			buildSettings = {
				BUNDLE_LOADER = "$(TEST_HOST)";
				FRAMEWORK_SEARCH_PATHS = (
					"$(SDKROOT)/Developer/Library/Frameworks",
					"$(inherited)",
				);
				INFOPLIST_FILE = "20141109-01TFModalViewController框架Tests/Info.plist";
				LD_RUNPATH_SEARCH_PATHS = "$(inherited) @executable_path/Frameworks @loader_path/Frameworks";
				PRODUCT_NAME = "$(TARGET_NAME)";
				TEST_HOST = "$(BUILT_PRODUCTS_DIR)/20141109-01TFModalViewController框架.app/20141109-01TFModalViewController框架";
			};
			name = Release;
		};
/* End XCBuildConfiguration section */

/* Begin XCConfigurationList section */
		045D97791A0F02BE0007689A /* Build configuration list for PBXProject "20141109-01TFModalViewController框架" */ = {
			isa = XCConfigurationList;
			buildConfigurations = (
				045D979F1A0F02BE0007689A /* Debug */,
				045D97A01A0F02BE0007689A /* Release */,
			);
			defaultConfigurationIsVisible = 0;
			defaultConfigurationName = Release;
		};
		045D97A11A0F02BE0007689A /* Build configuration list for PBXNativeTarget "20141109-01TFModalViewController框架" */ = {
			isa = XCConfigurationList;
			buildConfigurations = (
				045D97A21A0F02BE0007689A /* Debug */,
				045D97A31A0F02BE0007689A /* Release */,
			);
			defaultConfigurationIsVisible = 0;
			defaultConfigurationName = Release;
		};
		045D97A41A0F02BE0007689A /* Build configuration list for PBXNativeTarget "20141109-01TFModalViewController框架Tests" */ = {
			isa = XCConfigurationList;
			buildConfigurations = (
				045D97A51A0F02BE0007689A /* Debug */,
				045D97A61A0F02BE0007689A /* Release */,
			);
			defaultConfigurationIsVisible = 0;
			defaultConfigurationName = Release;
		};
/* End XCConfigurationList section */
	};
	rootObject = 045D97761A0F02BE0007689A /* Project object */;
}
